
Microsoft Visual Studio Solution File, Format Version 12.00
# Visual Studio Version 16
VisualStudioVersion = 16.0.29306.81
MinimumVisualStudioVersion = 10.0.40219.1
Project("{FAE04EC0-301F-11D3-BF4B-00C04F79EFBC}") = "CadastroAlunoV1", "CadastroAlunoV1\CadastroAlunoV1.csproj", "{C1EA769B-CAE1-4C85-A482-9385269D74D1}"
EndProject
Global
	GlobalSection(SolutionConfigurationPlatforms) = preSolution
		Debug|Any CPU = Debug|Any CPU
		Release|Any CPU = Release|Any CPU
	EndGlobalSection
	GlobalSection(ProjectConfigurationPlatforms) = postSolution
		{C1EA769B-CAE1-4C85-A482-9385269D74D1}.Debug|Any CPU.ActiveCfg = Debug|Any CPU
		{C1EA769B-CAE1-4C85-A482-9385269D74D1}.Debug|Any CPU.Build.0 = Debug|Any CPU
		{C1EA769B-CAE1-4C85-A482-9385269D74D1}.Release|Any CPU.ActiveCfg = Release|Any CPU
		{C1EA769B-CAE1-4C85-A482-9385269D74D1}.Release|Any CPU.Build.0 = Release|Any CPU
	EndGlobalSection
	GlobalSection(SolutionProperties) = preSolution
		HideSolutionNode = FALSE
	EndGlobalSection
	GlobalSection(ExtensibilityGlobals) = postSolution
		SolutionGuid = {04626CC6-0F92-4AA0-B221-3FF35F4D6854}
	EndGlobalSection
EndGlobal
